
Microsoft Visual Studio Solution File, Format Version 12.00
# Visual Studio Version 16
VisualStudioVersion = 16.0.30907.101
MinimumVisualStudioVersion = 10.0.40219.1
Project("{FAE04EC0-301F-11D3-BF4B-00C04F79EFBC}") = "mtqstores", "mtqstores.csproj", "{1AA3443F-FCBA-4C1D-B99A-7986D083E7E1}"
EndProject
Global
	GlobalSection(SolutionConfigurationPlatforms) = preSolution
		Debug|Any CPU = Debug|Any CPU
		Release|Any CPU = Release|Any CPU
	EndGlobalSection
	GlobalSection(ProjectConfigurationPlatforms) = postSolution
		{1AA3443F-FCBA-4C1D-B99A-7986D083E7E1}.Debug|Any CPU.ActiveCfg = Debug|Any CPU
		{1AA3443F-FCBA-4C1D-B99A-7986D083E7E1}.Debug|Any CPU.Build.0 = Debug|Any CPU
		{1AA3443F-FCBA-4C1D-B99A-7986D083E7E1}.Release|Any CPU.ActiveCfg = Release|Any CPU
		{1AA3443F-FCBA-4C1D-B99A-7986D083E7E1}.Release|Any CPU.Build.0 = Release|Any CPU
	EndGlobalSection
	GlobalSection(SolutionProperties) = preSolution
		HideSolutionNode = FALSE
	EndGlobalSection
	GlobalSection(ExtensibilityGlobals) = postSolution
		SolutionGuid = {1D4E9CB4-8A3C-47BD-9723-49767A3B3D15}
	EndGlobalSection
EndGlobal
